
Microsoft Visual Studio Solution File, Format Version 12.00
# Visual Studio Version 17
VisualStudioVersion = 17.9.34622.214
MinimumVisualStudioVersion = 10.0.40219.1
Project("{FAE04EC0-301F-11D3-BF4B-00C04F79EFBC}") = "ReProject.Domain", "ReProject.Domain\ReProject.Domain.csproj", "{756F89CF-9BE8-4068-BD25-8851AF853304}"
EndProject
Project("{FAE04EC0-301F-11D3-BF4B-00C04F79EFBC}") = "ReProject.Data", "ReProject.Data\ReProject.Data.csproj", "{7A6D3F54-935C-4EF2-ACA4-07F916793063}"
EndProject
Project("{FAE04EC0-301F-11D3-BF4B-00C04F79EFBC}") = "ReProject.ApplicationService", "ReProject.ApplicationService\ReProject.ApplicationService.csproj", "{F7DCFB61-92B0-4ED2-A97A-91987E3077FE}"
EndProject
Project("{FAE04EC0-301F-11D3-BF4B-00C04F79EFBC}") = "ReProject.WebApi", "ReProject.WebApi\ReProject.WebApi.csproj", "{D58F0A3C-FE36-4610-86BA-11CBE15F41B3}"
EndProject
Project("{FAE04EC0-301F-11D3-BF4B-00C04F79EFBC}") = "ReProject.Core", "ReProject.Core\ReProject.Core.csproj", "{F98F848C-815E-46D6-82EE-538B0E82F880}"
EndProject
Global
	GlobalSection(SolutionConfigurationPlatforms) = preSolution
		Debug|Any CPU = Debug|Any CPU
		Release|Any CPU = Release|Any CPU
	EndGlobalSection
	GlobalSection(ProjectConfigurationPlatforms) = postSolution
		{756F89CF-9BE8-4068-BD25-8851AF853304}.Debug|Any CPU.ActiveCfg = Debug|Any CPU
		{756F89CF-9BE8-4068-BD25-8851AF853304}.Debug|Any CPU.Build.0 = Debug|Any CPU
		{756F89CF-9BE8-4068-BD25-8851AF853304}.Release|Any CPU.ActiveCfg = Release|Any CPU
		{756F89CF-9BE8-4068-BD25-8851AF853304}.Release|Any CPU.Build.0 = Release|Any CPU
		{7A6D3F54-935C-4EF2-ACA4-07F916793063}.Debug|Any CPU.ActiveCfg = Debug|Any CPU
		{7A6D3F54-935C-4EF2-ACA4-07F916793063}.Debug|Any CPU.Build.0 = Debug|Any CPU
		{7A6D3F54-935C-4EF2-ACA4-07F916793063}.Release|Any CPU.ActiveCfg = Release|Any CPU
		{7A6D3F54-935C-4EF2-ACA4-07F916793063}.Release|Any CPU.Build.0 = Release|Any CPU
		{F7DCFB61-92B0-4ED2-A97A-91987E3077FE}.Debug|Any CPU.ActiveCfg = Debug|Any CPU
		{F7DCFB61-92B0-4ED2-A97A-91987E3077FE}.Debug|Any CPU.Build.0 = Debug|Any CPU
		{F7DCFB61-92B0-4ED2-A97A-91987E3077FE}.Release|Any CPU.ActiveCfg = Release|Any CPU
		{F7DCFB61-92B0-4ED2-A97A-91987E3077FE}.Release|Any CPU.Build.0 = Release|Any CPU
		{D58F0A3C-FE36-4610-86BA-11CBE15F41B3}.Debug|Any CPU.ActiveCfg = Debug|Any CPU
		{D58F0A3C-FE36-4610-86BA-11CBE15F41B3}.Debug|Any CPU.Build.0 = Debug|Any CPU
		{D58F0A3C-FE36-4610-86BA-11CBE15F41B3}.Release|Any CPU.ActiveCfg = Release|Any CPU
		{D58F0A3C-FE36-4610-86BA-11CBE15F41B3}.Release|Any CPU.Build.0 = Release|Any CPU
		{F98F848C-815E-46D6-82EE-538B0E82F880}.Debug|Any CPU.ActiveCfg = Debug|Any CPU
		{F98F848C-815E-46D6-82EE-538B0E82F880}.Debug|Any CPU.Build.0 = Debug|Any CPU
		{F98F848C-815E-46D6-82EE-538B0E82F880}.Release|Any CPU.ActiveCfg = Release|Any CPU
		{F98F848C-815E-46D6-82EE-538B0E82F880}.Release|Any CPU.Build.0 = Release|Any CPU
	EndGlobalSection
	GlobalSection(SolutionProperties) = preSolution
		HideSolutionNode = FALSE
	EndGlobalSection
	GlobalSection(ExtensibilityGlobals) = postSolution
		SolutionGuid = {6E1EBE7E-D099-4B55-82CF-75930A34C131}
	EndGlobalSection
EndGlobal
